github.com/jchavannes/go-pgp v0.0.0-20200131171414-e5978e6d02b4 h1:AfTUqDjVFyY40SghT85bXRhpj34DOuIUQLB4DwExzkQ=
github.com/jchavannes/go-pgp v0.0.0-20200131171414-e5978e6d02b4/go.mod h1:dtFptCZ3M/9AWU38htm1xFvWqaJr5ZvkiOiozne99Ps=
golang.org/x/crypto v0.17.0 h1:r8bRNjWL3GshPW3gkd+RpvzWrZAwPS49OmTGZ/uhM4k=
golang.org/x/crypto v0.17.0/go.mod h1:gCAAfMLgwOJRpTjQ2zCCt2OcSfYMTeZVSRtQlPC7Nq4=
